# THIS IS AN AUTOGENERATED FILE. DO NOT EDIT THIS FILE DIRECTLY.
# yarn lockfile v1


"@financial-times/polyfill-useragent-normaliser@^1.0.6":
  version "1.0.6"
  resolved "https://registry.yarnpkg.com/@financial-times/polyfill-useragent-normaliser/-/polyfill-useragent-normaliser-1.0.6.tgz#ac685b422b094ddb4c3bd6e2115fe9597e7383c7"
  integrity sha512-beQ8vwlsd1FKyTI88zCluQamDg8OJOKbLz4mnTMNLAKiBihbXwPLCgOVkpnCUSkLcKu/vKyobgZtnqnRtICTUg==
  dependencies:
    "@financial-times/useragent_parser" "1.0.2"
    semver "^5.6.0"

"@financial-times/useragent_parser@1.0.2":
  version "1.0.2"
  resolved "https://registry.yarnpkg.com/@financial-times/useragent_parser/-/useragent_parser-1.0.2.tgz#3f26e7cb2e0e4dfc9ac833f8259d7fed9c7fbf9c"
  integrity sha512-zuJMxn5Qnk7CKl+zrVXDqXs0F+p4tshO6B4s8VenJj34EEVuV4iZIbkGiEFJUbn29z9Mcn6k8yfj9qSCNDcPPQ==

semver@^5.6.0:
  version "5.6.0"
  resolved "https://registry.yarnpkg.com/semver/-/semver-5.6.0.tgz#7e74256fbaa49c75aa7c7a205cc22799cac80004"
  integrity sha512-RS9R6R35NYgQn++fkDWaOmqGoj4Ek9gGs+DPxNUZKuwE183xjJroKvyo1IzVFeXvUrvmALy6FWD5xrdJT25gMg==
